
Microsoft Visual Studio Solution File, Format Version 11.00
# Visual Studio 2010
Project("{2150E333-8FDC-42A3-9474-1A3956D46DE8}") = "ExpertModule", "ExpertModule", "{34E53C64-6F04-4A28-90F5-EEC20EF344DF}"
EndProject
Project("{FAE04EC0-301F-11D3-BF4B-00C04F79EFBC}") = "Its.ExpertModule", "ExpertModule\Its.ExpertModule\Its.ExpertModule.csproj", "{053D479C-7695-452A-ABFF-237300DB84AE}"
EndProject
Project("{FAE04EC0-301F-11D3-BF4B-00C04F79EFBC}") = "Its.ExpertModule.Common", "ExpertModule\Its.ExpertModule.Common\Its.ExpertModule.Common.csproj", "{90EC71AE-5D04-4B54-8896-6473288FAED2}"
EndProject
Project("{FAE04EC0-301F-11D3-BF4B-00C04F79EFBC}") = "Its.ExpertModule.DA", "ExpertModule\Its.ExpertModule.DataAccess\Its.ExpertModule.DA.csproj", "{71BC8EB6-FCB3-45A2-B1A2-1FEC565C19E5}"
EndProject
Project("{FAE04EC0-301F-11D3-BF4B-00C04F79EFBC}") = "Its.ExpertModule.OM", "ExpertModule\Its.ExpertModule.ObjectModel\Its.ExpertModule.OM.csproj", "{8B928308-3D38-4CF5-8352-162A23F9A5EA}"
EndProject
Project("{2150E333-8FDC-42A3-9474-1A3956D46DE8}") = "StudentModule", "StudentModule", "{211AD443-9480-4D87-9397-AA6509558FB9}"
EndProject
Project("{FAE04EC0-301F-11D3-BF4B-00C04F79EFBC}") = "Its.StudentModule", "StudentModule\Its.StudentModule\Its.StudentModule.csproj", "{C407248F-9674-45D8-B58F-72A2684555AB}"
EndProject
Project("{FAE04EC0-301F-11D3-BF4B-00C04F79EFBC}") = "Its.StudentModule.DA", "StudentModule\Its.StudentModule.DataAccess\Its.StudentModule.DA.csproj", "{B16D75E5-FEC4-4F6E-BBAC-4F004F0581C4}"
EndProject
Project("{FAE04EC0-301F-11D3-BF4B-00C04F79EFBC}") = "Its.StudentModule.OM", "StudentModule\Its.StudentModule.ObjectModel\Its.StudentModule.OM.csproj", "{EEED4FBB-9FCA-46C9-927A-765F7BC05666}"
EndProject
Project("{2150E333-8FDC-42A3-9474-1A3956D46DE8}") = "WorldModule", "WorldModule", "{00F466D9-81E0-4269-918B-A72693714BF2}"
EndProject
Project("{FAE04EC0-301F-11D3-BF4B-00C04F79EFBC}") = "Its.WorldModule", "WorldModule\Its.WorldModule\Its.WorldModule.csproj", "{44A3A108-F052-4126-A905-4ADEC242E7E9}"
EndProject
Project("{FAE04EC0-301F-11D3-BF4B-00C04F79EFBC}") = "Its.WorldModule.DA", "WorldModule\Its.WorldModule.DataAccess\Its.WorldModule.DA.csproj", "{3F387D19-6C0A-4A35-9D5B-34C710D19D5F}"
EndProject
Project("{FAE04EC0-301F-11D3-BF4B-00C04F79EFBC}") = "Its.WorldModule.OM", "WorldModule\Its.WorldModule.ObjectModel\Its.WorldModule.OM.csproj", "{44633A11-BD1B-4200-8EA5-F7803F05DBFD}"
EndProject
Project("{2150E333-8FDC-42A3-9474-1A3956D46DE8}") = "CommunicationModule", "CommunicationModule", "{05C1CC1A-7A38-4DB9-B84A-1737CED582C4}"
EndProject
Project("{FAE04EC0-301F-11D3-BF4B-00C04F79EFBC}") = "Its.CommunicationModule", "CommunicationModule\Its.CommunicationModule\Its.CommunicationModule.csproj", "{8DF71E70-9048-43E3-AA4E-3B0846AA0EE0}"
EndProject
Project("{2150E333-8FDC-42A3-9474-1A3956D46DE8}") = "Utils", "Utils", "{FB973AB7-9F4F-49B8-A187-A13D2BD13B12}"
EndProject
Project("{FAE04EC0-301F-11D3-BF4B-00C04F79EFBC}") = "Its.Utils.Math", "Utils\Its.Utils.Math\Its.Utils.Math.csproj", "{39C82212-9961-42EE-8030-686514AB7B92}"
EndProject
Project("{2150E333-8FDC-42A3-9474-1A3956D46DE8}") = "Factories", "Factories", "{49A25417-26ED-4F02-AE96-5165DD08BA83}"
EndProject
Project("{FAE04EC0-301F-11D3-BF4B-00C04F79EFBC}") = "Its.Factories", "Factories\Its.Factories\Its.Factories.csproj", "{F61F36FF-7AB3-4027-BD01-74F3528ED088}"
EndProject
Project("{FAE04EC0-301F-11D3-BF4B-00C04F79EFBC}") = "Its.Factories.Common", "Factories\Its.Factories.Common\Its.Factories.Common.csproj", "{766D89B3-D51B-4C4C-8EAA-2C2F67BDE656}"
EndProject
Project("{2150E333-8FDC-42A3-9474-1A3956D46DE8}") = "Exes", "Exes", "{2690DD43-ED44-4785-8E50-CADD040CE7CB}"
EndProject
Project("{2150E333-8FDC-42A3-9474-1A3956D46DE8}") = "Test", "Test", "{FD95B02D-F0CC-4719-9D89-FB794262A804}"
EndProject
Project("{FAE04EC0-301F-11D3-BF4B-00C04F79EFBC}") = "Its.Test", "Exes\Test\Its.Test.csproj", "{D7CFA2B9-C553-4674-815C-C558D9D16EA0}"
EndProject
Project("{FAE04EC0-301F-11D3-BF4B-00C04F79EFBC}") = "LoadLogsBiotech", "Exes\LoadLogsBiotech\LoadLogsBiotech.csproj", "{CDA1BB2F-93D2-451C-BB9A-76CA38127E4C}"
EndProject
Project("{2150E333-8FDC-42A3-9474-1A3956D46DE8}") = "TutoringModule", "TutoringModule", "{FB075209-09D9-43B2-9DAB-40DA6BAE85A3}"
EndProject
Project("{2150E333-8FDC-42A3-9474-1A3956D46DE8}") = "TutoringCoordinator", "TutoringCoordinator", "{080F8F4D-2C63-41CC-BB1F-EC4EDC0D0A35}"
EndProject
Project("{FAE04EC0-301F-11D3-BF4B-00C04F79EFBC}") = "Its.TutoringModule.TC", "TutoringModule\TutoringCoordinator\Its.TutoringModule.TutoringCoordinator\Its.TutoringModule.TC.csproj", "{7FE32128-C2F9-481E-8D73-79A1875E15DB}"
EndProject
Project("{FAE04EC0-301F-11D3-BF4B-00C04F79EFBC}") = "TestSBP", "Exes\TestSBP\TestSBP.csproj", "{43243ACD-CE82-4C80-9281-78D94F24997D}"
EndProject
Project("{FAE04EC0-301F-11D3-BF4B-00C04F79EFBC}") = "Its.Utils.Config", "Utils\Its.Utils.Config\Its.Utils.Config.csproj", "{B7413821-72A0-4104-B19F-44E0C8FD18A2}"
EndProject
Project("{FAE04EC0-301F-11D3-BF4B-00C04F79EFBC}") = "TestSIEMA", "Exes\TestSIEMA\TestSIEMA.csproj", "{0977F2AD-E2AA-4E36-99B6-79350A57D74C}"
EndProject
Project("{FAE04EC0-301F-11D3-BF4B-00C04F79EFBC}") = "Its.Utils.StringUtils", "Utils\Its.Utils.StringUtils\Its.Utils.StringUtils.csproj", "{0C029A6D-A272-4FE0-99C6-A70F1842942F}"
EndProject
Project("{FAE04EC0-301F-11D3-BF4B-00C04F79EFBC}") = "Its.TutoringModule.Common", "TutoringModule\Its.TutoringModule.Common\Its.TutoringModule.Common.csproj", "{3EFB63FF-6405-42C2-A615-0FBB56F4BDF2}"
EndProject
Project("{FAE04EC0-301F-11D3-BF4B-00C04F79EFBC}") = "Its.TutoringModule.Factories", "TutoringModule\Its.TutoringModule.Factories\Its.TutoringModule.Factories.csproj", "{DAB77C55-8965-4A4B-B2A7-73D74059A63C}"
EndProject
Project("{2150E333-8FDC-42A3-9474-1A3956D46DE8}") = "ReactiveTutor", "ReactiveTutor", "{27E69DB3-9C1D-4F4A-AF93-30D50AF1ED9E}"
EndProject
Project("{FAE04EC0-301F-11D3-BF4B-00C04F79EFBC}") = "Its.TutoringModule.ReactiveTutor", "TutoringModule\ReactiveTutor\Its.TutoringModule.ReactiveTutor\Its.TutoringModule.ReactiveTutor.csproj", "{475B44CE-DB9B-4E90-94E8-F96C7567BA76}"
EndProject
Project("{FAE04EC0-301F-11D3-BF4B-00C04F79EFBC}") = "Its.TutoringModule.ReactiveTutor.OM", "TutoringModule\ReactiveTutor\Its.TutoringModule.ReactiveTutor.OM\Its.TutoringModule.ReactiveTutor.OM.csproj", "{D710A525-2C06-4F1A-94C0-4CC79E07A604}"
EndProject
Project("{2150E333-8FDC-42A3-9474-1A3956D46DE8}") = "CollectiveModelTutor", "CollectiveModelTutor", "{253CC56A-7AD6-4A0F-9401-19630353E052}"
EndProject
Project("{2150E333-8FDC-42A3-9474-1A3956D46DE8}") = "StudentBehaviourPredictor", "StudentBehaviourPredictor", "{CC8AA04E-B108-40C5-9E3E-F9ADA9D6520A}"
EndProject
Project("{FAE04EC0-301F-11D3-BF4B-00C04F79EFBC}") = "Its.TutoringModule.CMTutor.SBP", "TutoringModule\CollectiveModelTutor\StudentBehaviourPredictor\Its.TutoringModule.CMTutor.SBP\Its.TutoringModule.CMTutor.SBP.csproj", "{69E607FE-1C1C-4E48-A0E9-8585D15CCAE6}"
EndProject
Project("{FAE04EC0-301F-11D3-BF4B-00C04F79EFBC}") = "Its.TutoringModule.CMTutor.SBP.Exceptions", "TutoringModule\CollectiveModelTutor\StudentBehaviourPredictor\Its.TutoringModule.CMTutor.SBP.Exceptions\Its.TutoringModule.CMTutor.SBP.Exceptions.csproj", "{51F6E81B-5A21-4EE5-8CB9-56E8CFD4D812}"
EndProject
Project("{FAE04EC0-301F-11D3-BF4B-00C04F79EFBC}") = "Its.TutoringModule.CMTutor.SBP.OM", "TutoringModule\CollectiveModelTutor\StudentBehaviourPredictor\Its.TutoringModule.CMTutor.SBP.OM\Its.TutoringModule.CMTutor.SBP.OM.csproj", "{9DD64010-4EFB-4813-9CA5-628C96EAFB14}"
EndProject
Project("{FAE04EC0-301F-11D3-BF4B-00C04F79EFBC}") = "Its.TutoringModule.CMTutor", "TutoringModule\CollectiveModelTutor\Its.TutoringModule.CMTutor\Its.TutoringModule.CMTutor.csproj", "{E18AC5F1-D56D-4C2D-A2AE-AEADE455045E}"
EndProject
Project("{FAE04EC0-301F-11D3-BF4B-00C04F79EFBC}") = "Its.TutoringModule.CMTutorTest", "TutoringModule\CollectiveModelTutor\Its.TutoringModule.CMTutorTest\Its.TutoringModule.CMTutorTest.csproj", "{097AF011-607C-49C1-904F-DD1039EACDFF}"
EndProject
Global
	GlobalSection(SolutionConfigurationPlatforms) = preSolution
		Debug|Any CPU = Debug|Any CPU
		Release|Any CPU = Release|Any CPU
	EndGlobalSection
	GlobalSection(ProjectConfigurationPlatforms) = postSolution
		{053D479C-7695-452A-ABFF-237300DB84AE}.Debug|Any CPU.ActiveCfg = Debug|Any CPU
		{053D479C-7695-452A-ABFF-237300DB84AE}.Debug|Any CPU.Build.0 = Debug|Any CPU
		{053D479C-7695-452A-ABFF-237300DB84AE}.Release|Any CPU.ActiveCfg = Release|Any CPU
		{053D479C-7695-452A-ABFF-237300DB84AE}.Release|Any CPU.Build.0 = Release|Any CPU
		{39C82212-9961-42EE-8030-686514AB7B92}.Debug|Any CPU.ActiveCfg = Debug|Any CPU
		{39C82212-9961-42EE-8030-686514AB7B92}.Debug|Any CPU.Build.0 = Debug|Any CPU
		{39C82212-9961-42EE-8030-686514AB7B92}.Release|Any CPU.ActiveCfg = Release|Any CPU
		{39C82212-9961-42EE-8030-686514AB7B92}.Release|Any CPU.Build.0 = Release|Any CPU
		{3F387D19-6C0A-4A35-9D5B-34C710D19D5F}.Debug|Any CPU.ActiveCfg = Debug|Any CPU
		{3F387D19-6C0A-4A35-9D5B-34C710D19D5F}.Debug|Any CPU.Build.0 = Debug|Any CPU
		{3F387D19-6C0A-4A35-9D5B-34C710D19D5F}.Release|Any CPU.ActiveCfg = Release|Any CPU
		{3F387D19-6C0A-4A35-9D5B-34C710D19D5F}.Release|Any CPU.Build.0 = Release|Any CPU
		{44633A11-BD1B-4200-8EA5-F7803F05DBFD}.Debug|Any CPU.ActiveCfg = Debug|Any CPU
		{44633A11-BD1B-4200-8EA5-F7803F05DBFD}.Debug|Any CPU.Build.0 = Debug|Any CPU
		{44633A11-BD1B-4200-8EA5-F7803F05DBFD}.Release|Any CPU.ActiveCfg = Release|Any CPU
		{44633A11-BD1B-4200-8EA5-F7803F05DBFD}.Release|Any CPU.Build.0 = Release|Any CPU
		{44A3A108-F052-4126-A905-4ADEC242E7E9}.Debug|Any CPU.ActiveCfg = Debug|Any CPU
		{44A3A108-F052-4126-A905-4ADEC242E7E9}.Debug|Any CPU.Build.0 = Debug|Any CPU
		{44A3A108-F052-4126-A905-4ADEC242E7E9}.Release|Any CPU.ActiveCfg = Release|Any CPU
		{44A3A108-F052-4126-A905-4ADEC242E7E9}.Release|Any CPU.Build.0 = Release|Any CPU
		{71BC8EB6-FCB3-45A2-B1A2-1FEC565C19E5}.Debug|Any CPU.ActiveCfg = Debug|Any CPU
		{71BC8EB6-FCB3-45A2-B1A2-1FEC565C19E5}.Debug|Any CPU.Build.0 = Debug|Any CPU
		{71BC8EB6-FCB3-45A2-B1A2-1FEC565C19E5}.Release|Any CPU.ActiveCfg = Release|Any CPU
		{71BC8EB6-FCB3-45A2-B1A2-1FEC565C19E5}.Release|Any CPU.Build.0 = Release|Any CPU
		{766D89B3-D51B-4C4C-8EAA-2C2F67BDE656}.Debug|Any CPU.ActiveCfg = Debug|Any CPU
		{766D89B3-D51B-4C4C-8EAA-2C2F67BDE656}.Debug|Any CPU.Build.0 = Debug|Any CPU
		{766D89B3-D51B-4C4C-8EAA-2C2F67BDE656}.Release|Any CPU.ActiveCfg = Release|Any CPU
		{766D89B3-D51B-4C4C-8EAA-2C2F67BDE656}.Release|Any CPU.Build.0 = Release|Any CPU
		{7FE32128-C2F9-481E-8D73-79A1875E15DB}.Debug|Any CPU.ActiveCfg = Debug|Any CPU
		{7FE32128-C2F9-481E-8D73-79A1875E15DB}.Debug|Any CPU.Build.0 = Debug|Any CPU
		{7FE32128-C2F9-481E-8D73-79A1875E15DB}.Release|Any CPU.ActiveCfg = Release|Any CPU
		{7FE32128-C2F9-481E-8D73-79A1875E15DB}.Release|Any CPU.Build.0 = Release|Any CPU
		{8B928308-3D38-4CF5-8352-162A23F9A5EA}.Debug|Any CPU.ActiveCfg = Debug|Any CPU
		{8B928308-3D38-4CF5-8352-162A23F9A5EA}.Debug|Any CPU.Build.0 = Debug|Any CPU
		{8B928308-3D38-4CF5-8352-162A23F9A5EA}.Release|Any CPU.ActiveCfg = Release|Any CPU
		{8B928308-3D38-4CF5-8352-162A23F9A5EA}.Release|Any CPU.Build.0 = Release|Any CPU
		{8DF71E70-9048-43E3-AA4E-3B0846AA0EE0}.Debug|Any CPU.ActiveCfg = Debug|Any CPU
		{8DF71E70-9048-43E3-AA4E-3B0846AA0EE0}.Debug|Any CPU.Build.0 = Debug|Any CPU
		{8DF71E70-9048-43E3-AA4E-3B0846AA0EE0}.Release|Any CPU.ActiveCfg = Release|Any CPU
		{8DF71E70-9048-43E3-AA4E-3B0846AA0EE0}.Release|Any CPU.Build.0 = Release|Any CPU
		{90EC71AE-5D04-4B54-8896-6473288FAED2}.Debug|Any CPU.ActiveCfg = Debug|Any CPU
		{90EC71AE-5D04-4B54-8896-6473288FAED2}.Debug|Any CPU.Build.0 = Debug|Any CPU
		{90EC71AE-5D04-4B54-8896-6473288FAED2}.Release|Any CPU.ActiveCfg = Release|Any CPU
		{90EC71AE-5D04-4B54-8896-6473288FAED2}.Release|Any CPU.Build.0 = Release|Any CPU
		{B16D75E5-FEC4-4F6E-BBAC-4F004F0581C4}.Debug|Any CPU.ActiveCfg = Debug|Any CPU
		{B16D75E5-FEC4-4F6E-BBAC-4F004F0581C4}.Debug|Any CPU.Build.0 = Debug|Any CPU
		{B16D75E5-FEC4-4F6E-BBAC-4F004F0581C4}.Release|Any CPU.ActiveCfg = Release|Any CPU
		{B16D75E5-FEC4-4F6E-BBAC-4F004F0581C4}.Release|Any CPU.Build.0 = Release|Any CPU
		{C407248F-9674-45D8-B58F-72A2684555AB}.Debug|Any CPU.ActiveCfg = Debug|Any CPU
		{C407248F-9674-45D8-B58F-72A2684555AB}.Debug|Any CPU.Build.0 = Debug|Any CPU
		{C407248F-9674-45D8-B58F-72A2684555AB}.Release|Any CPU.ActiveCfg = Release|Any CPU
		{C407248F-9674-45D8-B58F-72A2684555AB}.Release|Any CPU.Build.0 = Release|Any CPU
		{CDA1BB2F-93D2-451C-BB9A-76CA38127E4C}.Debug|Any CPU.ActiveCfg = Debug|Any CPU
		{CDA1BB2F-93D2-451C-BB9A-76CA38127E4C}.Debug|Any CPU.Build.0 = Debug|Any CPU
		{CDA1BB2F-93D2-451C-BB9A-76CA38127E4C}.Release|Any CPU.ActiveCfg = Release|Any CPU
		{CDA1BB2F-93D2-451C-BB9A-76CA38127E4C}.Release|Any CPU.Build.0 = Release|Any CPU
		{D7CFA2B9-C553-4674-815C-C558D9D16EA0}.Debug|Any CPU.ActiveCfg = Debug|Any CPU
		{D7CFA2B9-C553-4674-815C-C558D9D16EA0}.Debug|Any CPU.Build.0 = Debug|Any CPU
		{D7CFA2B9-C553-4674-815C-C558D9D16EA0}.Release|Any CPU.ActiveCfg = Release|Any CPU
		{D7CFA2B9-C553-4674-815C-C558D9D16EA0}.Release|Any CPU.Build.0 = Release|Any CPU
		{EEED4FBB-9FCA-46C9-927A-765F7BC05666}.Debug|Any CPU.ActiveCfg = Debug|Any CPU
		{EEED4FBB-9FCA-46C9-927A-765F7BC05666}.Debug|Any CPU.Build.0 = Debug|Any CPU
		{EEED4FBB-9FCA-46C9-927A-765F7BC05666}.Release|Any CPU.ActiveCfg = Release|Any CPU
		{EEED4FBB-9FCA-46C9-927A-765F7BC05666}.Release|Any CPU.Build.0 = Release|Any CPU
		{F61F36FF-7AB3-4027-BD01-74F3528ED088}.Debug|Any CPU.ActiveCfg = Debug|Any CPU
		{F61F36FF-7AB3-4027-BD01-74F3528ED088}.Debug|Any CPU.Build.0 = Debug|Any CPU
		{F61F36FF-7AB3-4027-BD01-74F3528ED088}.Release|Any CPU.ActiveCfg = Release|Any CPU
		{F61F36FF-7AB3-4027-BD01-74F3528ED088}.Release|Any CPU.Build.0 = Release|Any CPU
		{43243ACD-CE82-4C80-9281-78D94F24997D}.Debug|Any CPU.ActiveCfg = Debug|Any CPU
		{43243ACD-CE82-4C80-9281-78D94F24997D}.Debug|Any CPU.Build.0 = Debug|Any CPU
		{43243ACD-CE82-4C80-9281-78D94F24997D}.Release|Any CPU.ActiveCfg = Release|Any CPU
		{43243ACD-CE82-4C80-9281-78D94F24997D}.Release|Any CPU.Build.0 = Release|Any CPU
		{B7413821-72A0-4104-B19F-44E0C8FD18A2}.Debug|Any CPU.ActiveCfg = Debug|Any CPU
		{B7413821-72A0-4104-B19F-44E0C8FD18A2}.Debug|Any CPU.Build.0 = Debug|Any CPU
		{B7413821-72A0-4104-B19F-44E0C8FD18A2}.Release|Any CPU.ActiveCfg = Release|Any CPU
		{B7413821-72A0-4104-B19F-44E0C8FD18A2}.Release|Any CPU.Build.0 = Release|Any CPU
		{0977F2AD-E2AA-4E36-99B6-79350A57D74C}.Debug|Any CPU.ActiveCfg = Debug|Any CPU
		{0977F2AD-E2AA-4E36-99B6-79350A57D74C}.Debug|Any CPU.Build.0 = Debug|Any CPU
		{0977F2AD-E2AA-4E36-99B6-79350A57D74C}.Release|Any CPU.ActiveCfg = Release|Any CPU
		{0977F2AD-E2AA-4E36-99B6-79350A57D74C}.Release|Any CPU.Build.0 = Release|Any CPU
		{0C029A6D-A272-4FE0-99C6-A70F1842942F}.Debug|Any CPU.ActiveCfg = Debug|Any CPU
		{0C029A6D-A272-4FE0-99C6-A70F1842942F}.Debug|Any CPU.Build.0 = Debug|Any CPU
		{0C029A6D-A272-4FE0-99C6-A70F1842942F}.Release|Any CPU.ActiveCfg = Release|Any CPU
		{0C029A6D-A272-4FE0-99C6-A70F1842942F}.Release|Any CPU.Build.0 = Release|Any CPU
		{3EFB63FF-6405-42C2-A615-0FBB56F4BDF2}.Debug|Any CPU.ActiveCfg = Debug|Any CPU
		{3EFB63FF-6405-42C2-A615-0FBB56F4BDF2}.Debug|Any CPU.Build.0 = Debug|Any CPU
		{3EFB63FF-6405-42C2-A615-0FBB56F4BDF2}.Release|Any CPU.ActiveCfg = Release|Any CPU
		{3EFB63FF-6405-42C2-A615-0FBB56F4BDF2}.Release|Any CPU.Build.0 = Release|Any CPU
		{DAB77C55-8965-4A4B-B2A7-73D74059A63C}.Debug|Any CPU.ActiveCfg = Debug|Any CPU
		{DAB77C55-8965-4A4B-B2A7-73D74059A63C}.Debug|Any CPU.Build.0 = Debug|Any CPU
		{DAB77C55-8965-4A4B-B2A7-73D74059A63C}.Release|Any CPU.ActiveCfg = Release|Any CPU
		{DAB77C55-8965-4A4B-B2A7-73D74059A63C}.Release|Any CPU.Build.0 = Release|Any CPU
		{475B44CE-DB9B-4E90-94E8-F96C7567BA76}.Debug|Any CPU.ActiveCfg = Debug|Any CPU
		{475B44CE-DB9B-4E90-94E8-F96C7567BA76}.Debug|Any CPU.Build.0 = Debug|Any CPU
		{475B44CE-DB9B-4E90-94E8-F96C7567BA76}.Release|Any CPU.ActiveCfg = Release|Any CPU
		{475B44CE-DB9B-4E90-94E8-F96C7567BA76}.Release|Any CPU.Build.0 = Release|Any CPU
		{D710A525-2C06-4F1A-94C0-4CC79E07A604}.Debug|Any CPU.ActiveCfg = Debug|Any CPU
		{D710A525-2C06-4F1A-94C0-4CC79E07A604}.Debug|Any CPU.Build.0 = Debug|Any CPU
		{D710A525-2C06-4F1A-94C0-4CC79E07A604}.Release|Any CPU.ActiveCfg = Release|Any CPU
		{D710A525-2C06-4F1A-94C0-4CC79E07A604}.Release|Any CPU.Build.0 = Release|Any CPU
		{69E607FE-1C1C-4E48-A0E9-8585D15CCAE6}.Debug|Any CPU.ActiveCfg = Debug|Any CPU
		{69E607FE-1C1C-4E48-A0E9-8585D15CCAE6}.Debug|Any CPU.Build.0 = Debug|Any CPU
		{69E607FE-1C1C-4E48-A0E9-8585D15CCAE6}.Release|Any CPU.ActiveCfg = Release|Any CPU
		{69E607FE-1C1C-4E48-A0E9-8585D15CCAE6}.Release|Any CPU.Build.0 = Release|Any CPU
		{51F6E81B-5A21-4EE5-8CB9-56E8CFD4D812}.Debug|Any CPU.ActiveCfg = Debug|Any CPU
		{51F6E81B-5A21-4EE5-8CB9-56E8CFD4D812}.Debug|Any CPU.Build.0 = Debug|Any CPU
		{51F6E81B-5A21-4EE5-8CB9-56E8CFD4D812}.Release|Any CPU.ActiveCfg = Release|Any CPU
		{51F6E81B-5A21-4EE5-8CB9-56E8CFD4D812}.Release|Any CPU.Build.0 = Release|Any CPU
		{9DD64010-4EFB-4813-9CA5-628C96EAFB14}.Debug|Any CPU.ActiveCfg = Debug|Any CPU
		{9DD64010-4EFB-4813-9CA5-628C96EAFB14}.Debug|Any CPU.Build.0 = Debug|Any CPU
		{9DD64010-4EFB-4813-9CA5-628C96EAFB14}.Release|Any CPU.ActiveCfg = Release|Any CPU
		{9DD64010-4EFB-4813-9CA5-628C96EAFB14}.Release|Any CPU.Build.0 = Release|Any CPU
		{E18AC5F1-D56D-4C2D-A2AE-AEADE455045E}.Debug|Any CPU.ActiveCfg = Debug|Any CPU
		{E18AC5F1-D56D-4C2D-A2AE-AEADE455045E}.Debug|Any CPU.Build.0 = Debug|Any CPU
		{E18AC5F1-D56D-4C2D-A2AE-AEADE455045E}.Release|Any CPU.ActiveCfg = Release|Any CPU
		{E18AC5F1-D56D-4C2D-A2AE-AEADE455045E}.Release|Any CPU.Build.0 = Release|Any CPU
		{097AF011-607C-49C1-904F-DD1039EACDFF}.Debug|Any CPU.ActiveCfg = Debug|Any CPU
		{097AF011-607C-49C1-904F-DD1039EACDFF}.Debug|Any CPU.Build.0 = Debug|Any CPU
		{097AF011-607C-49C1-904F-DD1039EACDFF}.Release|Any CPU.ActiveCfg = Release|Any CPU
		{097AF011-607C-49C1-904F-DD1039EACDFF}.Release|Any CPU.Build.0 = Release|Any CPU
	EndGlobalSection
	GlobalSection(NestedProjects) = preSolution
		{053D479C-7695-452A-ABFF-237300DB84AE} = {34E53C64-6F04-4A28-90F5-EEC20EF344DF}
		{90EC71AE-5D04-4B54-8896-6473288FAED2} = {34E53C64-6F04-4A28-90F5-EEC20EF344DF}
		{71BC8EB6-FCB3-45A2-B1A2-1FEC565C19E5} = {34E53C64-6F04-4A28-90F5-EEC20EF344DF}
		{8B928308-3D38-4CF5-8352-162A23F9A5EA} = {34E53C64-6F04-4A28-90F5-EEC20EF344DF}
		{C407248F-9674-45D8-B58F-72A2684555AB} = {211AD443-9480-4D87-9397-AA6509558FB9}
		{B16D75E5-FEC4-4F6E-BBAC-4F004F0581C4} = {211AD443-9480-4D87-9397-AA6509558FB9}
		{EEED4FBB-9FCA-46C9-927A-765F7BC05666} = {211AD443-9480-4D87-9397-AA6509558FB9}
		{44A3A108-F052-4126-A905-4ADEC242E7E9} = {00F466D9-81E0-4269-918B-A72693714BF2}
		{3F387D19-6C0A-4A35-9D5B-34C710D19D5F} = {00F466D9-81E0-4269-918B-A72693714BF2}
		{44633A11-BD1B-4200-8EA5-F7803F05DBFD} = {00F466D9-81E0-4269-918B-A72693714BF2}
		{8DF71E70-9048-43E3-AA4E-3B0846AA0EE0} = {05C1CC1A-7A38-4DB9-B84A-1737CED582C4}
		{39C82212-9961-42EE-8030-686514AB7B92} = {FB973AB7-9F4F-49B8-A187-A13D2BD13B12}
		{F61F36FF-7AB3-4027-BD01-74F3528ED088} = {49A25417-26ED-4F02-AE96-5165DD08BA83}
		{766D89B3-D51B-4C4C-8EAA-2C2F67BDE656} = {49A25417-26ED-4F02-AE96-5165DD08BA83}
		{FD95B02D-F0CC-4719-9D89-FB794262A804} = {2690DD43-ED44-4785-8E50-CADD040CE7CB}
		{CDA1BB2F-93D2-451C-BB9A-76CA38127E4C} = {2690DD43-ED44-4785-8E50-CADD040CE7CB}
		{D7CFA2B9-C553-4674-815C-C558D9D16EA0} = {FD95B02D-F0CC-4719-9D89-FB794262A804}
		{080F8F4D-2C63-41CC-BB1F-EC4EDC0D0A35} = {FB075209-09D9-43B2-9DAB-40DA6BAE85A3}
		{7FE32128-C2F9-481E-8D73-79A1875E15DB} = {080F8F4D-2C63-41CC-BB1F-EC4EDC0D0A35}
		{43243ACD-CE82-4C80-9281-78D94F24997D} = {FD95B02D-F0CC-4719-9D89-FB794262A804}
		{B7413821-72A0-4104-B19F-44E0C8FD18A2} = {FB973AB7-9F4F-49B8-A187-A13D2BD13B12}
		{0977F2AD-E2AA-4E36-99B6-79350A57D74C} = {FD95B02D-F0CC-4719-9D89-FB794262A804}
		{0C029A6D-A272-4FE0-99C6-A70F1842942F} = {FB973AB7-9F4F-49B8-A187-A13D2BD13B12}
		{3EFB63FF-6405-42C2-A615-0FBB56F4BDF2} = {FB075209-09D9-43B2-9DAB-40DA6BAE85A3}
		{DAB77C55-8965-4A4B-B2A7-73D74059A63C} = {FB075209-09D9-43B2-9DAB-40DA6BAE85A3}
		{27E69DB3-9C1D-4F4A-AF93-30D50AF1ED9E} = {FB075209-09D9-43B2-9DAB-40DA6BAE85A3}
		{475B44CE-DB9B-4E90-94E8-F96C7567BA76} = {27E69DB3-9C1D-4F4A-AF93-30D50AF1ED9E}
		{D710A525-2C06-4F1A-94C0-4CC79E07A604} = {27E69DB3-9C1D-4F4A-AF93-30D50AF1ED9E}
		{253CC56A-7AD6-4A0F-9401-19630353E052} = {FB075209-09D9-43B2-9DAB-40DA6BAE85A3}
		{CC8AA04E-B108-40C5-9E3E-F9ADA9D6520A} = {253CC56A-7AD6-4A0F-9401-19630353E052}
		{69E607FE-1C1C-4E48-A0E9-8585D15CCAE6} = {CC8AA04E-B108-40C5-9E3E-F9ADA9D6520A}
		{51F6E81B-5A21-4EE5-8CB9-56E8CFD4D812} = {CC8AA04E-B108-40C5-9E3E-F9ADA9D6520A}
		{9DD64010-4EFB-4813-9CA5-628C96EAFB14} = {CC8AA04E-B108-40C5-9E3E-F9ADA9D6520A}
		{E18AC5F1-D56D-4C2D-A2AE-AEADE455045E} = {253CC56A-7AD6-4A0F-9401-19630353E052}
		{097AF011-607C-49C1-904F-DD1039EACDFF} = {253CC56A-7AD6-4A0F-9401-19630353E052}
	EndGlobalSection
EndGlobal
