
Microsoft Visual Studio Solution File, Format Version 12.00
# Visual Studio 2012
Project("{D2ABAB84-BF74-430A-B69E-9DC6D40DDA17}") = "SequenceMining", "SequenceMining\SequenceMining.dwproj", "{970CD8F2-B553-438C-9B8E-0D1DB899FC3A}"
EndProject
Global
	GlobalSection(SolutionConfigurationPlatforms) = preSolution
		Development|Default = Development|Default
	EndGlobalSection
	GlobalSection(ProjectConfigurationPlatforms) = postSolution
		{970CD8F2-B553-438C-9B8E-0D1DB899FC3A}.Development|Default.ActiveCfg = Development
		{970CD8F2-B553-438C-9B8E-0D1DB899FC3A}.Development|Default.Build.0 = Development
		{970CD8F2-B553-438C-9B8E-0D1DB899FC3A}.Development|Default.Deploy.0 = Development
	EndGlobalSection
	GlobalSection(SolutionProperties) = preSolution
		HideSolutionNode = FALSE
	EndGlobalSection
EndGlobal
